
Microsoft Visual Studio Solution File, Format Version 12.00
# Visual Studio Version 17
VisualStudioVersion = 17.11.35327.3
MinimumVisualStudioVersion = 10.0.40219.1
Project("{FAE04EC0-301F-11D3-BF4B-00C04F79EFBC}") = "ClassLibrary", "ClassLibrary\ClassLibrary.csproj", "{A805DC99-07D0-4AE9-99E6-1DC934888F08}"
EndProject
Project("{FAE04EC0-301F-11D3-BF4B-00C04F79EFBC}") = "TestProject1", "TestProject1\TestProject1.csproj", "{B1CCBDFA-8230-4919-8FFE-618AFFE3155A}"
EndProject
Project("{FAE04EC0-301F-11D3-BF4B-00C04F79EFBC}") = "Driver", "Driver\Driver.csproj", "{309FC9A3-84D1-4C8F-9043-27BD785F2CC9}"
EndProject
Global
	GlobalSection(SolutionConfigurationPlatforms) = preSolution
		Debug|Any CPU = Debug|Any CPU
		Release|Any CPU = Release|Any CPU
	EndGlobalSection
	GlobalSection(ProjectConfigurationPlatforms) = postSolution
		{A805DC99-07D0-4AE9-99E6-1DC934888F08}.Debug|Any CPU.ActiveCfg = Debug|Any CPU
		{A805DC99-07D0-4AE9-99E6-1DC934888F08}.Debug|Any CPU.Build.0 = Debug|Any CPU
		{A805DC99-07D0-4AE9-99E6-1DC934888F08}.Release|Any CPU.ActiveCfg = Release|Any CPU
		{A805DC99-07D0-4AE9-99E6-1DC934888F08}.Release|Any CPU.Build.0 = Release|Any CPU
		{B1CCBDFA-8230-4919-8FFE-618AFFE3155A}.Debug|Any CPU.ActiveCfg = Debug|Any CPU
		{B1CCBDFA-8230-4919-8FFE-618AFFE3155A}.Debug|Any CPU.Build.0 = Debug|Any CPU
		{B1CCBDFA-8230-4919-8FFE-618AFFE3155A}.Release|Any CPU.ActiveCfg = Release|Any CPU
		{B1CCBDFA-8230-4919-8FFE-618AFFE3155A}.Release|Any CPU.Build.0 = Release|Any CPU
		{309FC9A3-84D1-4C8F-9043-27BD785F2CC9}.Debug|Any CPU.ActiveCfg = Debug|Any CPU
		{309FC9A3-84D1-4C8F-9043-27BD785F2CC9}.Debug|Any CPU.Build.0 = Debug|Any CPU
		{309FC9A3-84D1-4C8F-9043-27BD785F2CC9}.Release|Any CPU.ActiveCfg = Release|Any CPU
		{309FC9A3-84D1-4C8F-9043-27BD785F2CC9}.Release|Any CPU.Build.0 = Release|Any CPU
	EndGlobalSection
	GlobalSection(SolutionProperties) = preSolution
		HideSolutionNode = FALSE
	EndGlobalSection
	GlobalSection(ExtensibilityGlobals) = postSolution
		SolutionGuid = {6C13B8E4-ADBB-401C-BB72-020DF79669CA}
	EndGlobalSection
EndGlobal
